
Microsoft Visual Studio Solution File, Format Version 12.00
# Visual Studio Version 16
VisualStudioVersion = 16.0.30114.105
MinimumVisualStudioVersion = 10.0.40219.1
Project("{2150E333-8FDC-42A3-9474-1A3956D46DE8}") = "Solution Items", "Solution Items", "{83D6C805-A308-465E-B0C6-1E273F3160E0}"
	ProjectSection(SolutionItems) = preProject
		history.txt = history.txt
		todo.txt = todo.txt
	EndProjectSection
EndProject
Project("{2150E333-8FDC-42A3-9474-1A3956D46DE8}") = "09.App", "09.App", "{B1B97C73-AC11-4B67-A441-8BF697EB1BDC}"
EndProject
Project("{2150E333-8FDC-42A3-9474-1A3956D46DE8}") = "01.Core", "01.Core", "{861D7F68-C870-4E1E-A9F7-8757034C0A63}"
EndProject
Project("{2150E333-8FDC-42A3-9474-1A3956D46DE8}") = "00.NLib", "00.NLib", "{CCA955D0-DA08-4D75-BEAB-686142508899}"
EndProject
Project("{2150E333-8FDC-42A3-9474-1A3956D46DE8}") = "02.Controls", "02.Controls", "{E0AEE26B-F15A-4A31-8E4B-7721DE8D8464}"
EndProject
Project("{FAE04EC0-301F-11D3-BF4B-00C04F79EFBC}") = "01.DMT.Core", "01.Core\01.DMT.Core\01.DMT.Core.csproj", "{DB7FB4B5-3662-479E-A7DA-26B73611BFD4}"
EndProject
Project("{FAE04EC0-301F-11D3-BF4B-00C04F79EFBC}") = "02.DMT.Models", "01.Core\02.DMT.Models\02.DMT.Models.csproj", "{14BF5C3C-CAFE-41CB-B7D0-D3CA0910D8F2}"
EndProject
Project("{FAE04EC0-301F-11D3-BF4B-00C04F79EFBC}") = "03.DMT.Services", "01.Core\03.DMT.Services\03.DMT.Services.csproj", "{0040F19E-4885-4267-9404-61C8DC150F5F}"
EndProject
Project("{FAE04EC0-301F-11D3-BF4B-00C04F79EFBC}") = "01.DMT.Controls", "02.Controls\01.DMT.Controls\01.DMT.Controls.csproj", "{AEED7B1C-4E56-4D44-BBD1-A936BE653D4D}"
EndProject
Project("{FAE04EC0-301F-11D3-BF4B-00C04F79EFBC}") = "02.DMT.Pages", "02.Controls\02.DMT.Pages\02.DMT.Pages.csproj", "{42DCC6BA-69B6-4DE0-8988-85EC884A2228}"
EndProject
Project("{2150E333-8FDC-42A3-9474-1A3956D46DE8}") = "03.Windows.Service", "03.Windows.Service", "{37600ED1-987F-4C0D-B7A3-C2BCA6DBD0FE}"
EndProject
Project("{FAE04EC0-301F-11D3-BF4B-00C04F79EFBC}") = "01.DMT.TOD.Data.Services", "03.Windows.Service\01.DMT.TOD.Data.Services\01.DMT.TOD.Data.Services.csproj", "{1C35A29F-CD48-4F69-99BB-1655DC47B9F2}"
EndProject
Project("{FAE04EC0-301F-11D3-BF4B-00C04F79EFBC}") = "02.DMT.TA.Data.Services", "03.Windows.Service\02.DMT.TA.Data.Services\02.DMT.TA.Data.Services.csproj", "{0B6AA1E6-3657-43ED-8297-4ED57A076209}"
EndProject
Project("{FAE04EC0-301F-11D3-BF4B-00C04F79EFBC}") = "01.DMT.TOD.App", "09.App\01.DMT.TOD.App\01.DMT.TOD.App.csproj", "{835688A1-A3A7-41BE-B85F-CCFA12D60A98}"
EndProject
Project("{FAE04EC0-301F-11D3-BF4B-00C04F79EFBC}") = "02.DMT.TA.App", "09.App\02.DMT.TA.App\02.DMT.TA.App.csproj", "{F23DE176-ECAA-4F92-898F-CF12091ED8C3}"
EndProject
Project("{FAE04EC0-301F-11D3-BF4B-00C04F79EFBC}") = "03.DMT.ACC.App", "09.App\03.DMT.ACC.App\03.DMT.ACC.App.csproj", "{06AE8214-1B53-4FC3-B7AC-35B682EC171A}"
EndProject
Project("{2150E333-8FDC-42A3-9474-1A3956D46DE8}") = "99.Tools", "99.Tools", "{BA63F3CC-5F62-4368-BDEC-729AFBE8C309}"
EndProject
Project("{2150E333-8FDC-42A3-9474-1A3956D46DE8}") = "01.VSIX", "01.VSIX", "{F4D8E5EF-1B13-4484-8C56-F8292FA7E2AF}"
EndProject
Project("{2150E333-8FDC-42A3-9474-1A3956D46DE8}") = "ReportViewer", "ReportViewer", "{07CAD8C5-E2BC-4EA0-8700-7A7380AA454B}"
	ProjectSection(SolutionItems) = preProject
		99.Tools\01.VSIX\ReportViewer\Microsoft.DataTools.ReportingServices.z01 = 99.Tools\01.VSIX\ReportViewer\Microsoft.DataTools.ReportingServices.z01
		99.Tools\01.VSIX\ReportViewer\Microsoft.DataTools.ReportingServices.z02 = 99.Tools\01.VSIX\ReportViewer\Microsoft.DataTools.ReportingServices.z02
		99.Tools\01.VSIX\ReportViewer\Microsoft.DataTools.ReportingServices.zip = 99.Tools\01.VSIX\ReportViewer\Microsoft.DataTools.ReportingServices.zip
		99.Tools\01.VSIX\ReportViewer\Microsoft.RdlcDesigner.vsix = 99.Tools\01.VSIX\ReportViewer\Microsoft.RdlcDesigner.vsix
		99.Tools\01.VSIX\ReportViewer\note.txt = 99.Tools\01.VSIX\ReportViewer\note.txt
	EndProjectSection
EndProject
Project("{2150E333-8FDC-42A3-9474-1A3956D46DE8}") = "10.Tests", "10.Tests", "{FA4FB3D9-C3CF-459E-8EBA-1041B10372C3}"
EndProject
Project("{FAE04EC0-301F-11D3-BF4B-00C04F79EFBC}") = "01.SqlLiteSamlple", "10.Tests\01.SqlLiteSamlple\01.SqlLiteSamlple.csproj", "{BDB78CD1-D6F1-4A88-9415-DB4579732D77}"
EndProject
Project("{FAE04EC0-301F-11D3-BF4B-00C04F79EFBC}") = "02.LiteDBSample", "10.Tests\02.LiteDBSample\02.LiteDBSample.csproj", "{B82C8020-836F-4A47-8A8C-F523023EB6B7}"
EndProject
Project("{FAE04EC0-301F-11D3-BF4B-00C04F79EFBC}") = "03.ReportViewerSample", "10.Tests\03.ReportViewerSample\03.ReportViewerSample.csproj", "{001ED238-49B0-432A-970F-9E0CDA7832C8}"
EndProject
Project("{FAE04EC0-301F-11D3-BF4B-00C04F79EFBC}") = "NLib", "00.NLib\NLib\NLib.csproj", "{41A9D6C0-C833-403F-9BC1-EECDC246A428}"
EndProject
Project("{FAE04EC0-301F-11D3-BF4B-00C04F79EFBC}") = "NLib.Reports", "00.NLib\NLib.Reports\NLib.Reports.csproj", "{5879D92A-F850-4A70-8D88-99D29F6A46F3}"
EndProject
Project("{FAE04EC0-301F-11D3-BF4B-00C04F79EFBC}") = "04.ReportViewerSample2", "10.Tests\04.ReportViewerSample2\04.ReportViewerSample2.csproj", "{29D9EDCC-5AA3-4B94-BDD0-DEA3D9FD80A9}"
EndProject
Project("{FAE04EC0-301F-11D3-BF4B-00C04F79EFBC}") = "05.OwinSelfHostServerSample", "10.Tests\05.OwinSelfHostServerSample\05.OwinSelfHostServerSample.csproj", "{694B63EC-B0DB-4BD1-83C4-F3C132733C05}"
EndProject
Project("{FAE04EC0-301F-11D3-BF4B-00C04F79EFBC}") = "06.GenericSingeltonSample", "10.Tests\06.GenericSingeltonSample\06.GenericSingeltonSample.csproj", "{A110ED41-26FD-40DF-BB0E-64A3D42F888F}"
EndProject
Project("{FAE04EC0-301F-11D3-BF4B-00C04F79EFBC}") = "07.GenericSingeltonWPFSample", "10.Tests\07.GenericSingeltonWPFSample\07.GenericSingeltonWPFSample.csproj", "{6292F9F0-223C-4DC9-BBDC-50219DACA410}"
EndProject
Global
	GlobalSection(SolutionConfigurationPlatforms) = preSolution
		Debug|Any CPU = Debug|Any CPU
		Release|Any CPU = Release|Any CPU
	EndGlobalSection
	GlobalSection(ProjectConfigurationPlatforms) = postSolution
		{DB7FB4B5-3662-479E-A7DA-26B73611BFD4}.Debug|Any CPU.ActiveCfg = Debug|Any CPU
		{DB7FB4B5-3662-479E-A7DA-26B73611BFD4}.Debug|Any CPU.Build.0 = Debug|Any CPU
		{DB7FB4B5-3662-479E-A7DA-26B73611BFD4}.Release|Any CPU.ActiveCfg = Release|Any CPU
		{DB7FB4B5-3662-479E-A7DA-26B73611BFD4}.Release|Any CPU.Build.0 = Release|Any CPU
		{14BF5C3C-CAFE-41CB-B7D0-D3CA0910D8F2}.Debug|Any CPU.ActiveCfg = Debug|Any CPU
		{14BF5C3C-CAFE-41CB-B7D0-D3CA0910D8F2}.Debug|Any CPU.Build.0 = Debug|Any CPU
		{14BF5C3C-CAFE-41CB-B7D0-D3CA0910D8F2}.Release|Any CPU.ActiveCfg = Release|Any CPU
		{14BF5C3C-CAFE-41CB-B7D0-D3CA0910D8F2}.Release|Any CPU.Build.0 = Release|Any CPU
		{0040F19E-4885-4267-9404-61C8DC150F5F}.Debug|Any CPU.ActiveCfg = Debug|Any CPU
		{0040F19E-4885-4267-9404-61C8DC150F5F}.Debug|Any CPU.Build.0 = Debug|Any CPU
		{0040F19E-4885-4267-9404-61C8DC150F5F}.Release|Any CPU.ActiveCfg = Release|Any CPU
		{0040F19E-4885-4267-9404-61C8DC150F5F}.Release|Any CPU.Build.0 = Release|Any CPU
		{AEED7B1C-4E56-4D44-BBD1-A936BE653D4D}.Debug|Any CPU.ActiveCfg = Debug|Any CPU
		{AEED7B1C-4E56-4D44-BBD1-A936BE653D4D}.Debug|Any CPU.Build.0 = Debug|Any CPU
		{AEED7B1C-4E56-4D44-BBD1-A936BE653D4D}.Release|Any CPU.ActiveCfg = Release|Any CPU
		{AEED7B1C-4E56-4D44-BBD1-A936BE653D4D}.Release|Any CPU.Build.0 = Release|Any CPU
		{42DCC6BA-69B6-4DE0-8988-85EC884A2228}.Debug|Any CPU.ActiveCfg = Debug|Any CPU
		{42DCC6BA-69B6-4DE0-8988-85EC884A2228}.Debug|Any CPU.Build.0 = Debug|Any CPU
		{42DCC6BA-69B6-4DE0-8988-85EC884A2228}.Release|Any CPU.ActiveCfg = Release|Any CPU
		{42DCC6BA-69B6-4DE0-8988-85EC884A2228}.Release|Any CPU.Build.0 = Release|Any CPU
		{1C35A29F-CD48-4F69-99BB-1655DC47B9F2}.Debug|Any CPU.ActiveCfg = Debug|Any CPU
		{1C35A29F-CD48-4F69-99BB-1655DC47B9F2}.Debug|Any CPU.Build.0 = Debug|Any CPU
		{1C35A29F-CD48-4F69-99BB-1655DC47B9F2}.Release|Any CPU.ActiveCfg = Release|Any CPU
		{1C35A29F-CD48-4F69-99BB-1655DC47B9F2}.Release|Any CPU.Build.0 = Release|Any CPU
		{0B6AA1E6-3657-43ED-8297-4ED57A076209}.Debug|Any CPU.ActiveCfg = Debug|Any CPU
		{0B6AA1E6-3657-43ED-8297-4ED57A076209}.Debug|Any CPU.Build.0 = Debug|Any CPU
		{0B6AA1E6-3657-43ED-8297-4ED57A076209}.Release|Any CPU.ActiveCfg = Release|Any CPU
		{0B6AA1E6-3657-43ED-8297-4ED57A076209}.Release|Any CPU.Build.0 = Release|Any CPU
		{835688A1-A3A7-41BE-B85F-CCFA12D60A98}.Debug|Any CPU.ActiveCfg = Debug|Any CPU
		{835688A1-A3A7-41BE-B85F-CCFA12D60A98}.Debug|Any CPU.Build.0 = Debug|Any CPU
		{835688A1-A3A7-41BE-B85F-CCFA12D60A98}.Release|Any CPU.ActiveCfg = Release|Any CPU
		{835688A1-A3A7-41BE-B85F-CCFA12D60A98}.Release|Any CPU.Build.0 = Release|Any CPU
		{F23DE176-ECAA-4F92-898F-CF12091ED8C3}.Debug|Any CPU.ActiveCfg = Debug|Any CPU
		{F23DE176-ECAA-4F92-898F-CF12091ED8C3}.Debug|Any CPU.Build.0 = Debug|Any CPU
		{F23DE176-ECAA-4F92-898F-CF12091ED8C3}.Release|Any CPU.ActiveCfg = Release|Any CPU
		{F23DE176-ECAA-4F92-898F-CF12091ED8C3}.Release|Any CPU.Build.0 = Release|Any CPU
		{06AE8214-1B53-4FC3-B7AC-35B682EC171A}.Debug|Any CPU.ActiveCfg = Debug|Any CPU
		{06AE8214-1B53-4FC3-B7AC-35B682EC171A}.Debug|Any CPU.Build.0 = Debug|Any CPU
		{06AE8214-1B53-4FC3-B7AC-35B682EC171A}.Release|Any CPU.ActiveCfg = Release|Any CPU
		{06AE8214-1B53-4FC3-B7AC-35B682EC171A}.Release|Any CPU.Build.0 = Release|Any CPU
		{BDB78CD1-D6F1-4A88-9415-DB4579732D77}.Debug|Any CPU.ActiveCfg = Debug|Any CPU
		{BDB78CD1-D6F1-4A88-9415-DB4579732D77}.Debug|Any CPU.Build.0 = Debug|Any CPU
		{BDB78CD1-D6F1-4A88-9415-DB4579732D77}.Release|Any CPU.ActiveCfg = Release|Any CPU
		{BDB78CD1-D6F1-4A88-9415-DB4579732D77}.Release|Any CPU.Build.0 = Release|Any CPU
		{B82C8020-836F-4A47-8A8C-F523023EB6B7}.Debug|Any CPU.ActiveCfg = Debug|Any CPU
		{B82C8020-836F-4A47-8A8C-F523023EB6B7}.Debug|Any CPU.Build.0 = Debug|Any CPU
		{B82C8020-836F-4A47-8A8C-F523023EB6B7}.Release|Any CPU.ActiveCfg = Release|Any CPU
		{B82C8020-836F-4A47-8A8C-F523023EB6B7}.Release|Any CPU.Build.0 = Release|Any CPU
		{001ED238-49B0-432A-970F-9E0CDA7832C8}.Debug|Any CPU.ActiveCfg = Debug|Any CPU
		{001ED238-49B0-432A-970F-9E0CDA7832C8}.Debug|Any CPU.Build.0 = Debug|Any CPU
		{001ED238-49B0-432A-970F-9E0CDA7832C8}.Release|Any CPU.ActiveCfg = Release|Any CPU
		{001ED238-49B0-432A-970F-9E0CDA7832C8}.Release|Any CPU.Build.0 = Release|Any CPU
		{41A9D6C0-C833-403F-9BC1-EECDC246A428}.Debug|Any CPU.ActiveCfg = Debug|Any CPU
		{41A9D6C0-C833-403F-9BC1-EECDC246A428}.Debug|Any CPU.Build.0 = Debug|Any CPU
		{41A9D6C0-C833-403F-9BC1-EECDC246A428}.Release|Any CPU.ActiveCfg = Release|Any CPU
		{41A9D6C0-C833-403F-9BC1-EECDC246A428}.Release|Any CPU.Build.0 = Release|Any CPU
		{5879D92A-F850-4A70-8D88-99D29F6A46F3}.Debug|Any CPU.ActiveCfg = Debug|Any CPU
		{5879D92A-F850-4A70-8D88-99D29F6A46F3}.Debug|Any CPU.Build.0 = Debug|Any CPU
		{5879D92A-F850-4A70-8D88-99D29F6A46F3}.Release|Any CPU.ActiveCfg = Release|Any CPU
		{5879D92A-F850-4A70-8D88-99D29F6A46F3}.Release|Any CPU.Build.0 = Release|Any CPU
		{29D9EDCC-5AA3-4B94-BDD0-DEA3D9FD80A9}.Debug|Any CPU.ActiveCfg = Debug|Any CPU
		{29D9EDCC-5AA3-4B94-BDD0-DEA3D9FD80A9}.Debug|Any CPU.Build.0 = Debug|Any CPU
		{29D9EDCC-5AA3-4B94-BDD0-DEA3D9FD80A9}.Release|Any CPU.ActiveCfg = Release|Any CPU
		{29D9EDCC-5AA3-4B94-BDD0-DEA3D9FD80A9}.Release|Any CPU.Build.0 = Release|Any CPU
		{694B63EC-B0DB-4BD1-83C4-F3C132733C05}.Debug|Any CPU.ActiveCfg = Debug|Any CPU
		{694B63EC-B0DB-4BD1-83C4-F3C132733C05}.Debug|Any CPU.Build.0 = Debug|Any CPU
		{694B63EC-B0DB-4BD1-83C4-F3C132733C05}.Release|Any CPU.ActiveCfg = Release|Any CPU
		{694B63EC-B0DB-4BD1-83C4-F3C132733C05}.Release|Any CPU.Build.0 = Release|Any CPU
		{A110ED41-26FD-40DF-BB0E-64A3D42F888F}.Debug|Any CPU.ActiveCfg = Debug|Any CPU
		{A110ED41-26FD-40DF-BB0E-64A3D42F888F}.Debug|Any CPU.Build.0 = Debug|Any CPU
		{A110ED41-26FD-40DF-BB0E-64A3D42F888F}.Release|Any CPU.ActiveCfg = Release|Any CPU
		{A110ED41-26FD-40DF-BB0E-64A3D42F888F}.Release|Any CPU.Build.0 = Release|Any CPU
		{6292F9F0-223C-4DC9-BBDC-50219DACA410}.Debug|Any CPU.ActiveCfg = Debug|Any CPU
		{6292F9F0-223C-4DC9-BBDC-50219DACA410}.Debug|Any CPU.Build.0 = Debug|Any CPU
		{6292F9F0-223C-4DC9-BBDC-50219DACA410}.Release|Any CPU.ActiveCfg = Release|Any CPU
		{6292F9F0-223C-4DC9-BBDC-50219DACA410}.Release|Any CPU.Build.0 = Release|Any CPU
	EndGlobalSection
	GlobalSection(SolutionProperties) = preSolution
		HideSolutionNode = FALSE
	EndGlobalSection
	GlobalSection(NestedProjects) = preSolution
		{DB7FB4B5-3662-479E-A7DA-26B73611BFD4} = {861D7F68-C870-4E1E-A9F7-8757034C0A63}
		{14BF5C3C-CAFE-41CB-B7D0-D3CA0910D8F2} = {861D7F68-C870-4E1E-A9F7-8757034C0A63}
		{0040F19E-4885-4267-9404-61C8DC150F5F} = {861D7F68-C870-4E1E-A9F7-8757034C0A63}
		{AEED7B1C-4E56-4D44-BBD1-A936BE653D4D} = {E0AEE26B-F15A-4A31-8E4B-7721DE8D8464}
		{42DCC6BA-69B6-4DE0-8988-85EC884A2228} = {E0AEE26B-F15A-4A31-8E4B-7721DE8D8464}
		{1C35A29F-CD48-4F69-99BB-1655DC47B9F2} = {37600ED1-987F-4C0D-B7A3-C2BCA6DBD0FE}
		{0B6AA1E6-3657-43ED-8297-4ED57A076209} = {37600ED1-987F-4C0D-B7A3-C2BCA6DBD0FE}
		{835688A1-A3A7-41BE-B85F-CCFA12D60A98} = {B1B97C73-AC11-4B67-A441-8BF697EB1BDC}
		{F23DE176-ECAA-4F92-898F-CF12091ED8C3} = {B1B97C73-AC11-4B67-A441-8BF697EB1BDC}
		{06AE8214-1B53-4FC3-B7AC-35B682EC171A} = {B1B97C73-AC11-4B67-A441-8BF697EB1BDC}
		{F4D8E5EF-1B13-4484-8C56-F8292FA7E2AF} = {BA63F3CC-5F62-4368-BDEC-729AFBE8C309}
		{07CAD8C5-E2BC-4EA0-8700-7A7380AA454B} = {F4D8E5EF-1B13-4484-8C56-F8292FA7E2AF}
		{BDB78CD1-D6F1-4A88-9415-DB4579732D77} = {FA4FB3D9-C3CF-459E-8EBA-1041B10372C3}
		{B82C8020-836F-4A47-8A8C-F523023EB6B7} = {FA4FB3D9-C3CF-459E-8EBA-1041B10372C3}
		{001ED238-49B0-432A-970F-9E0CDA7832C8} = {FA4FB3D9-C3CF-459E-8EBA-1041B10372C3}
		{41A9D6C0-C833-403F-9BC1-EECDC246A428} = {CCA955D0-DA08-4D75-BEAB-686142508899}
		{5879D92A-F850-4A70-8D88-99D29F6A46F3} = {CCA955D0-DA08-4D75-BEAB-686142508899}
		{29D9EDCC-5AA3-4B94-BDD0-DEA3D9FD80A9} = {FA4FB3D9-C3CF-459E-8EBA-1041B10372C3}
		{694B63EC-B0DB-4BD1-83C4-F3C132733C05} = {FA4FB3D9-C3CF-459E-8EBA-1041B10372C3}
		{A110ED41-26FD-40DF-BB0E-64A3D42F888F} = {FA4FB3D9-C3CF-459E-8EBA-1041B10372C3}
		{6292F9F0-223C-4DC9-BBDC-50219DACA410} = {FA4FB3D9-C3CF-459E-8EBA-1041B10372C3}
	EndGlobalSection
	GlobalSection(ExtensibilityGlobals) = postSolution
		SolutionGuid = {8E649CF5-EC41-479A-BECB-ADF883B25263}
	EndGlobalSection
EndGlobal
