
Microsoft Visual Studio Solution File, Format Version 12.00
# Visual Studio Version 16
VisualStudioVersion = 16.0.30114.105
MinimumVisualStudioVersion = 10.0.40219.1
Project("{2150E333-8FDC-42A3-9474-1A3956D46DE8}") = "Solution Items", "Solution Items", "{83D6C805-A308-465E-B0C6-1E273F3160E0}"
	ProjectSection(SolutionItems) = preProject
		history.txt = history.txt
		Kik.history.txt = Kik.history.txt
		note.to.kik.txt = note.to.kik.txt
		todo.txt = todo.txt
	EndProjectSection
EndProject
Project("{2150E333-8FDC-42A3-9474-1A3956D46DE8}") = "09.App", "09.App", "{B1B97C73-AC11-4B67-A441-8BF697EB1BDC}"
EndProject
Project("{2150E333-8FDC-42A3-9474-1A3956D46DE8}") = "01.Core", "01.Core", "{861D7F68-C870-4E1E-A9F7-8757034C0A63}"
EndProject
Project("{2150E333-8FDC-42A3-9474-1A3956D46DE8}") = "00.NLib", "00.NLib", "{CCA955D0-DA08-4D75-BEAB-686142508899}"
EndProject
Project("{2150E333-8FDC-42A3-9474-1A3956D46DE8}") = "04.Controls", "04.Controls", "{E0AEE26B-F15A-4A31-8E4B-7721DE8D8464}"
EndProject
Project("{2150E333-8FDC-42A3-9474-1A3956D46DE8}") = "03.Clients", "03.Clients", "{37600ED1-987F-4C0D-B7A3-C2BCA6DBD0FE}"
EndProject
Project("{2150E333-8FDC-42A3-9474-1A3956D46DE8}") = "99.Tools", "99.Tools", "{BA63F3CC-5F62-4368-BDEC-729AFBE8C309}"
EndProject
Project("{2150E333-8FDC-42A3-9474-1A3956D46DE8}") = "01.VSIX", "01.VSIX", "{F4D8E5EF-1B13-4484-8C56-F8292FA7E2AF}"
EndProject
Project("{2150E333-8FDC-42A3-9474-1A3956D46DE8}") = "ReportViewer", "ReportViewer", "{07CAD8C5-E2BC-4EA0-8700-7A7380AA454B}"
	ProjectSection(SolutionItems) = preProject
		99.Tools\01.VSIX\ReportViewer\Microsoft.DataTools.ReportingServices.z01 = 99.Tools\01.VSIX\ReportViewer\Microsoft.DataTools.ReportingServices.z01
		99.Tools\01.VSIX\ReportViewer\Microsoft.DataTools.ReportingServices.z02 = 99.Tools\01.VSIX\ReportViewer\Microsoft.DataTools.ReportingServices.z02
		99.Tools\01.VSIX\ReportViewer\Microsoft.DataTools.ReportingServices.zip = 99.Tools\01.VSIX\ReportViewer\Microsoft.DataTools.ReportingServices.zip
		99.Tools\01.VSIX\ReportViewer\Microsoft.RdlcDesigner.vsix = 99.Tools\01.VSIX\ReportViewer\Microsoft.RdlcDesigner.vsix
		99.Tools\01.VSIX\ReportViewer\note.txt = 99.Tools\01.VSIX\ReportViewer\note.txt
	EndProjectSection
EndProject
Project("{2150E333-8FDC-42A3-9474-1A3956D46DE8}") = "10.Tests", "10.Tests", "{FA4FB3D9-C3CF-459E-8EBA-1041B10372C3}"
EndProject
Project("{FAE04EC0-301F-11D3-BF4B-00C04F79EFBC}") = "NLib", "00.NLib\NLib\NLib.csproj", "{41A9D6C0-C833-403F-9BC1-EECDC246A428}"
EndProject
Project("{FAE04EC0-301F-11D3-BF4B-00C04F79EFBC}") = "NLib.Reports", "00.NLib\NLib.Reports\NLib.Reports.csproj", "{5879D92A-F850-4A70-8D88-99D29F6A46F3}"
EndProject
Project("{2150E333-8FDC-42A3-9474-1A3956D46DE8}") = "02.Models", "02.Models", "{5BB26931-27A4-4BFB-A91C-ED42DDACEC9D}"
EndProject
Project("{FAE04EC0-301F-11D3-BF4B-00C04F79EFBC}") = "01.DMT.Core", "01.Core\01.DMT.Core\01.DMT.Core.csproj", "{DB7FB4B5-3662-479E-A7DA-26B73611BFD4}"
EndProject
Project("{FAE04EC0-301F-11D3-BF4B-00C04F79EFBC}") = "02.DMT.Smartcard", "01.Core\02.DMT.Smartcard\02.DMT.Smartcard.csproj", "{5148ED2A-41FA-409C-BB41-36806D98BF81}"
EndProject
Project("{FAE04EC0-301F-11D3-BF4B-00C04F79EFBC}") = "01.DMT.Object.Models", "02.Models\01.DMT.Object.Models\01.DMT.Object.Models.csproj", "{14BF5C3C-CAFE-41CB-B7D0-D3CA0910D8F2}"
EndProject
Project("{FAE04EC0-301F-11D3-BF4B-00C04F79EFBC}") = "01.SqlLiteSamlple", "10.Tests\01.SqlLiteSamlple\01.SqlLiteSamlple.csproj", "{BDB78CD1-D6F1-4A88-9415-DB4579732D77}"
EndProject
Project("{FAE04EC0-301F-11D3-BF4B-00C04F79EFBC}") = "02.LiteDBSample", "10.Tests\02.LiteDBSample\02.LiteDBSample.csproj", "{B82C8020-836F-4A47-8A8C-F523023EB6B7}"
EndProject
Project("{FAE04EC0-301F-11D3-BF4B-00C04F79EFBC}") = "03.ReportViewerSample", "10.Tests\03.ReportViewerSample\03.ReportViewerSample.csproj", "{001ED238-49B0-432A-970F-9E0CDA7832C8}"
EndProject
Project("{FAE04EC0-301F-11D3-BF4B-00C04F79EFBC}") = "04.ReportViewerSample2", "10.Tests\04.ReportViewerSample2\04.ReportViewerSample2.csproj", "{29D9EDCC-5AA3-4B94-BDD0-DEA3D9FD80A9}"
EndProject
Project("{FAE04EC0-301F-11D3-BF4B-00C04F79EFBC}") = "01.DMT.Reports", "04.Controls\01.DMT.Reports\01.DMT.Reports.csproj", "{009B803C-4537-4851-985B-06BDA996385A}"
EndProject
Project("{FAE04EC0-301F-11D3-BF4B-00C04F79EFBC}") = "05.OwinSelfHostServerSample", "10.Tests\05.OwinSelfHostServerSample\05.OwinSelfHostServerSample.csproj", "{694B63EC-B0DB-4BD1-83C4-F3C132733C05}"
EndProject
Project("{FAE04EC0-301F-11D3-BF4B-00C04F79EFBC}") = "06.GenericSingeltonSample", "10.Tests\06.GenericSingeltonSample\06.GenericSingeltonSample.csproj", "{A110ED41-26FD-40DF-BB0E-64A3D42F888F}"
EndProject
Project("{FAE04EC0-301F-11D3-BF4B-00C04F79EFBC}") = "07.GenericSingeltonWPFSample", "10.Tests\07.GenericSingeltonWPFSample\07.GenericSingeltonWPFSample.csproj", "{6292F9F0-223C-4DC9-BBDC-50219DACA410}"
EndProject
Project("{FAE04EC0-301F-11D3-BF4B-00C04F79EFBC}") = "08.WpfButtonUISample", "10.Tests\08.WpfButtonUISample\08.WpfButtonUISample.csproj", "{7678703A-5E60-4828-8E9C-FD1CCC176B30}"
EndProject
Project("{FAE04EC0-301F-11D3-BF4B-00C04F79EFBC}") = "09.WpfListViewUISample", "10.Tests\09.WpfListViewUISample\09.WpfListViewUISample.csproj", "{804BE049-C422-4265-94A5-D3F0BB2F99AD}"
EndProject
Project("{FAE04EC0-301F-11D3-BF4B-00C04F79EFBC}") = "10.AvalonDockAndEditSample", "10.Tests\10.AvalonDockAndEditSample\10.AvalonDockAndEditSample.csproj", "{DDBAE81E-94CA-44F5-86B7-6B94F8A5A38D}"
EndProject
Project("{FAE04EC0-301F-11D3-BF4B-00C04F79EFBC}") = "11.WpfLayoutSample", "10.Tests\11.WpfLayoutSample\11.WpfLayoutSample.csproj", "{43EBC8A1-1BD6-43B4-A6C4-345FEF7905DF}"
EndProject
Project("{FAE04EC0-301F-11D3-BF4B-00C04F79EFBC}") = "12.SL600SmartCardReaderSample", "10.Tests\12.SL600SmartCardReaderSample\12.SL600SmartCardReaderSample.csproj", "{7E3E6A41-F0ED-430C-AB95-C8DB7DC996B3}"
EndProject
Project("{FAE04EC0-301F-11D3-BF4B-00C04F79EFBC}") = "13.LocalDbServerFunctionTest", "10.Tests\13.LocalDbServerFunctionTest\13.LocalDbServerFunctionTest.csproj", "{A5C9D7C0-9FC5-45C0-8021-45411E15EE25}"
EndProject
Project("{FAE04EC0-301F-11D3-BF4B-00C04F79EFBC}") = "14.WebSocketServerSample", "10.Tests\14.WebSocketServerSample\14.WebSocketServerSample.csproj", "{41CABA75-23E8-4744-B3A9-8D5ACE8FE26F}"
EndProject
Project("{FAE04EC0-301F-11D3-BF4B-00C04F79EFBC}") = "15.WebSocketClientSample", "10.Tests\15.WebSocketClientSample\15.WebSocketClientSample.csproj", "{E36D0D9B-20C7-4D66-9C13-5CFB7650805A}"
EndProject
Global
	GlobalSection(SolutionConfigurationPlatforms) = preSolution
		Debug|Any CPU = Debug|Any CPU
		Release|Any CPU = Release|Any CPU
	EndGlobalSection
	GlobalSection(ProjectConfigurationPlatforms) = postSolution
		{41A9D6C0-C833-403F-9BC1-EECDC246A428}.Debug|Any CPU.ActiveCfg = Debug|Any CPU
		{41A9D6C0-C833-403F-9BC1-EECDC246A428}.Debug|Any CPU.Build.0 = Debug|Any CPU
		{41A9D6C0-C833-403F-9BC1-EECDC246A428}.Release|Any CPU.ActiveCfg = Release|Any CPU
		{41A9D6C0-C833-403F-9BC1-EECDC246A428}.Release|Any CPU.Build.0 = Release|Any CPU
		{5879D92A-F850-4A70-8D88-99D29F6A46F3}.Debug|Any CPU.ActiveCfg = Debug|Any CPU
		{5879D92A-F850-4A70-8D88-99D29F6A46F3}.Debug|Any CPU.Build.0 = Debug|Any CPU
		{5879D92A-F850-4A70-8D88-99D29F6A46F3}.Release|Any CPU.ActiveCfg = Release|Any CPU
		{5879D92A-F850-4A70-8D88-99D29F6A46F3}.Release|Any CPU.Build.0 = Release|Any CPU
		{DB7FB4B5-3662-479E-A7DA-26B73611BFD4}.Debug|Any CPU.ActiveCfg = Debug|Any CPU
		{DB7FB4B5-3662-479E-A7DA-26B73611BFD4}.Debug|Any CPU.Build.0 = Debug|Any CPU
		{DB7FB4B5-3662-479E-A7DA-26B73611BFD4}.Release|Any CPU.ActiveCfg = Release|Any CPU
		{DB7FB4B5-3662-479E-A7DA-26B73611BFD4}.Release|Any CPU.Build.0 = Release|Any CPU
		{5148ED2A-41FA-409C-BB41-36806D98BF81}.Debug|Any CPU.ActiveCfg = Debug|Any CPU
		{5148ED2A-41FA-409C-BB41-36806D98BF81}.Debug|Any CPU.Build.0 = Debug|Any CPU
		{5148ED2A-41FA-409C-BB41-36806D98BF81}.Release|Any CPU.ActiveCfg = Release|Any CPU
		{5148ED2A-41FA-409C-BB41-36806D98BF81}.Release|Any CPU.Build.0 = Release|Any CPU
		{14BF5C3C-CAFE-41CB-B7D0-D3CA0910D8F2}.Debug|Any CPU.ActiveCfg = Debug|Any CPU
		{14BF5C3C-CAFE-41CB-B7D0-D3CA0910D8F2}.Debug|Any CPU.Build.0 = Debug|Any CPU
		{14BF5C3C-CAFE-41CB-B7D0-D3CA0910D8F2}.Release|Any CPU.ActiveCfg = Release|Any CPU
		{14BF5C3C-CAFE-41CB-B7D0-D3CA0910D8F2}.Release|Any CPU.Build.0 = Release|Any CPU
		{BDB78CD1-D6F1-4A88-9415-DB4579732D77}.Debug|Any CPU.ActiveCfg = Debug|Any CPU
		{BDB78CD1-D6F1-4A88-9415-DB4579732D77}.Debug|Any CPU.Build.0 = Debug|Any CPU
		{BDB78CD1-D6F1-4A88-9415-DB4579732D77}.Release|Any CPU.ActiveCfg = Release|Any CPU
		{BDB78CD1-D6F1-4A88-9415-DB4579732D77}.Release|Any CPU.Build.0 = Release|Any CPU
		{B82C8020-836F-4A47-8A8C-F523023EB6B7}.Debug|Any CPU.ActiveCfg = Debug|Any CPU
		{B82C8020-836F-4A47-8A8C-F523023EB6B7}.Debug|Any CPU.Build.0 = Debug|Any CPU
		{B82C8020-836F-4A47-8A8C-F523023EB6B7}.Release|Any CPU.ActiveCfg = Release|Any CPU
		{B82C8020-836F-4A47-8A8C-F523023EB6B7}.Release|Any CPU.Build.0 = Release|Any CPU
		{001ED238-49B0-432A-970F-9E0CDA7832C8}.Debug|Any CPU.ActiveCfg = Debug|Any CPU
		{001ED238-49B0-432A-970F-9E0CDA7832C8}.Debug|Any CPU.Build.0 = Debug|Any CPU
		{001ED238-49B0-432A-970F-9E0CDA7832C8}.Release|Any CPU.ActiveCfg = Release|Any CPU
		{001ED238-49B0-432A-970F-9E0CDA7832C8}.Release|Any CPU.Build.0 = Release|Any CPU
		{29D9EDCC-5AA3-4B94-BDD0-DEA3D9FD80A9}.Debug|Any CPU.ActiveCfg = Debug|Any CPU
		{29D9EDCC-5AA3-4B94-BDD0-DEA3D9FD80A9}.Debug|Any CPU.Build.0 = Debug|Any CPU
		{29D9EDCC-5AA3-4B94-BDD0-DEA3D9FD80A9}.Release|Any CPU.ActiveCfg = Release|Any CPU
		{29D9EDCC-5AA3-4B94-BDD0-DEA3D9FD80A9}.Release|Any CPU.Build.0 = Release|Any CPU
		{009B803C-4537-4851-985B-06BDA996385A}.Debug|Any CPU.ActiveCfg = Debug|Any CPU
		{009B803C-4537-4851-985B-06BDA996385A}.Debug|Any CPU.Build.0 = Debug|Any CPU
		{009B803C-4537-4851-985B-06BDA996385A}.Release|Any CPU.ActiveCfg = Release|Any CPU
		{009B803C-4537-4851-985B-06BDA996385A}.Release|Any CPU.Build.0 = Release|Any CPU
		{694B63EC-B0DB-4BD1-83C4-F3C132733C05}.Debug|Any CPU.ActiveCfg = Debug|Any CPU
		{694B63EC-B0DB-4BD1-83C4-F3C132733C05}.Debug|Any CPU.Build.0 = Debug|Any CPU
		{694B63EC-B0DB-4BD1-83C4-F3C132733C05}.Release|Any CPU.ActiveCfg = Release|Any CPU
		{694B63EC-B0DB-4BD1-83C4-F3C132733C05}.Release|Any CPU.Build.0 = Release|Any CPU
		{A110ED41-26FD-40DF-BB0E-64A3D42F888F}.Debug|Any CPU.ActiveCfg = Debug|Any CPU
		{A110ED41-26FD-40DF-BB0E-64A3D42F888F}.Debug|Any CPU.Build.0 = Debug|Any CPU
		{A110ED41-26FD-40DF-BB0E-64A3D42F888F}.Release|Any CPU.ActiveCfg = Release|Any CPU
		{A110ED41-26FD-40DF-BB0E-64A3D42F888F}.Release|Any CPU.Build.0 = Release|Any CPU
		{6292F9F0-223C-4DC9-BBDC-50219DACA410}.Debug|Any CPU.ActiveCfg = Debug|Any CPU
		{6292F9F0-223C-4DC9-BBDC-50219DACA410}.Debug|Any CPU.Build.0 = Debug|Any CPU
		{6292F9F0-223C-4DC9-BBDC-50219DACA410}.Release|Any CPU.ActiveCfg = Release|Any CPU
		{6292F9F0-223C-4DC9-BBDC-50219DACA410}.Release|Any CPU.Build.0 = Release|Any CPU
		{7678703A-5E60-4828-8E9C-FD1CCC176B30}.Debug|Any CPU.ActiveCfg = Debug|Any CPU
		{7678703A-5E60-4828-8E9C-FD1CCC176B30}.Debug|Any CPU.Build.0 = Debug|Any CPU
		{7678703A-5E60-4828-8E9C-FD1CCC176B30}.Release|Any CPU.ActiveCfg = Release|Any CPU
		{7678703A-5E60-4828-8E9C-FD1CCC176B30}.Release|Any CPU.Build.0 = Release|Any CPU
		{804BE049-C422-4265-94A5-D3F0BB2F99AD}.Debug|Any CPU.ActiveCfg = Debug|Any CPU
		{804BE049-C422-4265-94A5-D3F0BB2F99AD}.Debug|Any CPU.Build.0 = Debug|Any CPU
		{804BE049-C422-4265-94A5-D3F0BB2F99AD}.Release|Any CPU.ActiveCfg = Release|Any CPU
		{804BE049-C422-4265-94A5-D3F0BB2F99AD}.Release|Any CPU.Build.0 = Release|Any CPU
		{DDBAE81E-94CA-44F5-86B7-6B94F8A5A38D}.Debug|Any CPU.ActiveCfg = Debug|Any CPU
		{DDBAE81E-94CA-44F5-86B7-6B94F8A5A38D}.Debug|Any CPU.Build.0 = Debug|Any CPU
		{DDBAE81E-94CA-44F5-86B7-6B94F8A5A38D}.Release|Any CPU.ActiveCfg = Release|Any CPU
		{DDBAE81E-94CA-44F5-86B7-6B94F8A5A38D}.Release|Any CPU.Build.0 = Release|Any CPU
		{43EBC8A1-1BD6-43B4-A6C4-345FEF7905DF}.Debug|Any CPU.ActiveCfg = Debug|Any CPU
		{43EBC8A1-1BD6-43B4-A6C4-345FEF7905DF}.Debug|Any CPU.Build.0 = Debug|Any CPU
		{43EBC8A1-1BD6-43B4-A6C4-345FEF7905DF}.Release|Any CPU.ActiveCfg = Release|Any CPU
		{43EBC8A1-1BD6-43B4-A6C4-345FEF7905DF}.Release|Any CPU.Build.0 = Release|Any CPU
		{7E3E6A41-F0ED-430C-AB95-C8DB7DC996B3}.Debug|Any CPU.ActiveCfg = Debug|Any CPU
		{7E3E6A41-F0ED-430C-AB95-C8DB7DC996B3}.Debug|Any CPU.Build.0 = Debug|Any CPU
		{7E3E6A41-F0ED-430C-AB95-C8DB7DC996B3}.Release|Any CPU.ActiveCfg = Release|Any CPU
		{7E3E6A41-F0ED-430C-AB95-C8DB7DC996B3}.Release|Any CPU.Build.0 = Release|Any CPU
		{A5C9D7C0-9FC5-45C0-8021-45411E15EE25}.Debug|Any CPU.ActiveCfg = Debug|Any CPU
		{A5C9D7C0-9FC5-45C0-8021-45411E15EE25}.Debug|Any CPU.Build.0 = Debug|Any CPU
		{A5C9D7C0-9FC5-45C0-8021-45411E15EE25}.Release|Any CPU.ActiveCfg = Release|Any CPU
		{A5C9D7C0-9FC5-45C0-8021-45411E15EE25}.Release|Any CPU.Build.0 = Release|Any CPU
		{41CABA75-23E8-4744-B3A9-8D5ACE8FE26F}.Debug|Any CPU.ActiveCfg = Debug|Any CPU
		{41CABA75-23E8-4744-B3A9-8D5ACE8FE26F}.Debug|Any CPU.Build.0 = Debug|Any CPU
		{41CABA75-23E8-4744-B3A9-8D5ACE8FE26F}.Release|Any CPU.ActiveCfg = Release|Any CPU
		{41CABA75-23E8-4744-B3A9-8D5ACE8FE26F}.Release|Any CPU.Build.0 = Release|Any CPU
		{E36D0D9B-20C7-4D66-9C13-5CFB7650805A}.Debug|Any CPU.ActiveCfg = Debug|Any CPU
		{E36D0D9B-20C7-4D66-9C13-5CFB7650805A}.Debug|Any CPU.Build.0 = Debug|Any CPU
		{E36D0D9B-20C7-4D66-9C13-5CFB7650805A}.Release|Any CPU.ActiveCfg = Release|Any CPU
		{E36D0D9B-20C7-4D66-9C13-5CFB7650805A}.Release|Any CPU.Build.0 = Release|Any CPU
	EndGlobalSection
	GlobalSection(SolutionProperties) = preSolution
		HideSolutionNode = FALSE
	EndGlobalSection
	GlobalSection(NestedProjects) = preSolution
		{F4D8E5EF-1B13-4484-8C56-F8292FA7E2AF} = {BA63F3CC-5F62-4368-BDEC-729AFBE8C309}
		{07CAD8C5-E2BC-4EA0-8700-7A7380AA454B} = {F4D8E5EF-1B13-4484-8C56-F8292FA7E2AF}
		{41A9D6C0-C833-403F-9BC1-EECDC246A428} = {CCA955D0-DA08-4D75-BEAB-686142508899}
		{5879D92A-F850-4A70-8D88-99D29F6A46F3} = {CCA955D0-DA08-4D75-BEAB-686142508899}
		{DB7FB4B5-3662-479E-A7DA-26B73611BFD4} = {861D7F68-C870-4E1E-A9F7-8757034C0A63}
		{5148ED2A-41FA-409C-BB41-36806D98BF81} = {861D7F68-C870-4E1E-A9F7-8757034C0A63}
		{14BF5C3C-CAFE-41CB-B7D0-D3CA0910D8F2} = {5BB26931-27A4-4BFB-A91C-ED42DDACEC9D}
		{BDB78CD1-D6F1-4A88-9415-DB4579732D77} = {FA4FB3D9-C3CF-459E-8EBA-1041B10372C3}
		{B82C8020-836F-4A47-8A8C-F523023EB6B7} = {FA4FB3D9-C3CF-459E-8EBA-1041B10372C3}
		{001ED238-49B0-432A-970F-9E0CDA7832C8} = {FA4FB3D9-C3CF-459E-8EBA-1041B10372C3}
		{29D9EDCC-5AA3-4B94-BDD0-DEA3D9FD80A9} = {FA4FB3D9-C3CF-459E-8EBA-1041B10372C3}
		{009B803C-4537-4851-985B-06BDA996385A} = {E0AEE26B-F15A-4A31-8E4B-7721DE8D8464}
		{694B63EC-B0DB-4BD1-83C4-F3C132733C05} = {FA4FB3D9-C3CF-459E-8EBA-1041B10372C3}
		{A110ED41-26FD-40DF-BB0E-64A3D42F888F} = {FA4FB3D9-C3CF-459E-8EBA-1041B10372C3}
		{6292F9F0-223C-4DC9-BBDC-50219DACA410} = {FA4FB3D9-C3CF-459E-8EBA-1041B10372C3}
		{7678703A-5E60-4828-8E9C-FD1CCC176B30} = {FA4FB3D9-C3CF-459E-8EBA-1041B10372C3}
		{804BE049-C422-4265-94A5-D3F0BB2F99AD} = {FA4FB3D9-C3CF-459E-8EBA-1041B10372C3}
		{DDBAE81E-94CA-44F5-86B7-6B94F8A5A38D} = {FA4FB3D9-C3CF-459E-8EBA-1041B10372C3}
		{43EBC8A1-1BD6-43B4-A6C4-345FEF7905DF} = {FA4FB3D9-C3CF-459E-8EBA-1041B10372C3}
		{7E3E6A41-F0ED-430C-AB95-C8DB7DC996B3} = {FA4FB3D9-C3CF-459E-8EBA-1041B10372C3}
		{A5C9D7C0-9FC5-45C0-8021-45411E15EE25} = {FA4FB3D9-C3CF-459E-8EBA-1041B10372C3}
		{41CABA75-23E8-4744-B3A9-8D5ACE8FE26F} = {FA4FB3D9-C3CF-459E-8EBA-1041B10372C3}
		{E36D0D9B-20C7-4D66-9C13-5CFB7650805A} = {FA4FB3D9-C3CF-459E-8EBA-1041B10372C3}
	EndGlobalSection
	GlobalSection(ExtensibilityGlobals) = postSolution
		SolutionGuid = {8E649CF5-EC41-479A-BECB-ADF883B25263}
	EndGlobalSection
EndGlobal
